
Microsoft Visual Studio Solution File, Format Version 12.00
# Visual Studio Version 17
VisualStudioVersion = 17.13.35931.197
MinimumVisualStudioVersion = 10.0.40219.1
Project("{FAE04EC0-301F-11D3-BF4B-00C04F79EFBC}") = "ConectiaFinal", "WindowsFormsApp2\ConectiaFinal.csproj", "{E6451884-6FB8-4037-A386-F6096449316B}"
EndProject
Global
	GlobalSection(SolutionConfigurationPlatforms) = preSolution
		Debug|Any CPU = Debug|Any CPU
		Release|Any CPU = Release|Any CPU
	EndGlobalSection
	GlobalSection(ProjectConfigurationPlatforms) = postSolution
		{E6451884-6FB8-4037-A386-F6096449316B}.Debug|Any CPU.ActiveCfg = Debug|Any CPU
		{E6451884-6FB8-4037-A386-F6096449316B}.Debug|Any CPU.Build.0 = Debug|Any CPU
		{E6451884-6FB8-4037-A386-F6096449316B}.Release|Any CPU.ActiveCfg = Release|Any CPU
		{E6451884-6FB8-4037-A386-F6096449316B}.Release|Any CPU.Build.0 = Release|Any CPU
	EndGlobalSection
	GlobalSection(SolutionProperties) = preSolution
		HideSolutionNode = FALSE
	EndGlobalSection
	GlobalSection(ExtensibilityGlobals) = postSolution
		SolutionGuid = {A8A4A632-1D9C-4E74-9BC9-A1A8C94E7668}
	EndGlobalSection
EndGlobal
